# THIS IS AN AUTOGENERATED FILE. DO NOT EDIT THIS FILE DIRECTLY.
# yarn lockfile v1

"@babel/code-frame@^7.0.0", "@babel/code-frame@^7.10.4", "@babel/code-frame@^7.16.7", "@babel/code-frame@^7.18.6":
  version "7.22.13"
  resolved "https://registry.yarnpkg.com/@babel/code-frame/-/code-frame-7.22.13.tgz#e3c1c099402da2ef075a75d44aaad635182103fd"
  integrity sha512-XktuhWlJ5g+3TJXc5upd9Ks1HutSArik6jf2eAjYFyIOf4ej3RN+184cLo93CXv0AY1UfWzrp122U1RW7dKjQ==
  dependencies:
    "@babel/highlight" "^7.22.13"
    chalk "^2.4.2"

"@babel/runtime@^7.11.2", "@babel/runtime@^7.12.1", "@babel/runtime@^7.18.3", "@babel/runtime@^7.18.6", "@babel/runtime@^7.18.9", "@babel/runtime@^7.20.1", "@babel/runtime@^7.20.13", "@babel/runtime@^7.22.6", "@babel/runtime@^7.5.5", "@babel/runtime@^7.8.4", "@babel/runtime@^7.8.7":
  version "7.22.15"
  resolved "https://registry.yarnpkg.com/@babel/runtime/-/runtime-7.22.15.tgz#38f28aa5c6a68013cab35ff30912e74372bf56d4"
  integrity sha512-T0tWnxThrnJqLzNVxAZZ63nioK9dWQXyD5TZtmXUY+eQrn2ez1ajVJI+fbyfUZQGnWnULqbKGBDOikEGA07nyQ==
  dependencies:
    regenerator-runtime "^0.14.0"

"ajv-keywords@^3.5.2":
  version "3.5.2"
  resolved "https://registry.yarnpkg.com/ajv-keywords/-/ajv-keywords-3.5.2.tgz#31f29da5ab6e00d1c2d329acf7b5929614d5014d"
  integrity sha512-5p6WTN0DdTGVQk6VjcEju19IgaHudalcfabD7yhDGeA6bcQnmL+CpveLJq/3hvfwd1aof6L386Ougkx6RfyMIQ==

"ajv@^6.12.6":
  version "6.12.6"
  resolved "https://registry.yarnpkg.com/ajv/-/ajv-6.12.6.tgz#baf5a62e802b07d977034586f8c3baf5adf26df4"
  integrity sha512-j3fVLgvTo527anyYyJOGTYJbG+vnnQYvE0m5mmkc1TK+nxAppkCLMIL0aZ4dblVCNoGShhm+kzE4ZUykBoMg4g==
  dependencies:
    fast-deep-equal "^3.1.1"
    fast-json-stable-stringify "^2.0.0"
    json-schema-traverse "^0.4.1"
    uri-js "^4.2.2"

"ethers@^5.7.2":
  version "5.7.2"
  resolved "https://registry.yarnpkg.com/ethers/-/ethers-5.7.2.tgz#3a7deeabbb8c030d4126b24f84e525466145872e"
  integrity sha512-wswUsmWo1aOK8rR7DIKiWSw9DbLWe6x98Jrn8wcTflTVvaXhAMaB5zGAXy0GYQEQp9iO1iSHWVyARQm11zUtyg==

"react-dom@^18.2.0":
  version "18.2.0"
  resolved "https://registry.yarnpkg.com/react-dom/-/react-dom-18.2.0.tgz#22aaf38708db2674ed9ada224ca4aa708d821e3d"
  integrity sha512-6IMTriUmvsjHUjNtEDudZfuDQUoWXVxKHhlEGSk81n4YFS+r/Kl99wXiwlVXtPBtJenozv2P+hxDsw9eA7Xo6g==
  dependencies:
    loose-envify "^1.1.0"
    scheduler "^0.23.0"

"react-router-dom@^6.4.2":
  version "6.4.2"
  resolved "https://registry.yarnpkg.com/react-router-dom/-/react-router-dom-6.4.2.tgz#125861b38f7f7e35e1e63d9ee8c75c6186c0b2c9"
  integrity sha512-yM1kjoTkpfjgczPrcyWrp+OuQMyB1WleICiiGfstnQYo/S8hPEEnVjr/RdmlH6yKK4Tnj1UGXFSa7uwAtmboEw==
  dependencies:
    "@remix-run/router" "1.0.2"
    react-router "6.4.2"

"react-scripts@5.0.1":
  version "5.0.1"
  resolved "https://registry.yarnpkg.com/react-scripts/-/react-scripts-5.0.1.tgz#6443126223323d6649ab3168fab23712757fefb7"
  integrity sha512-8VAmEm/ZAwQzJ+GOMLbBsTdDKOpuZh7RPs0UymvBR2vRk4iZWCF77OfwPRD1b1nXnyWNqK9Thc6ZMNDDIz0Tb8w==

"react@^18.2.0":
  version "18.2.0"
  resolved "https://registry.yarnpkg.com/react/-/react-18.2.0.tgz#555bd98592883255fa00de14f1151a917b5d77d5"
  integrity sha512-/3IjMdb2L9QbBdWiW5e3P2/npwMBaU9mHCSCUzNln0ZCYbcfTsGbTJrU/kGemdH2IWmB2ioZ+zkxtmq6g09fGQ==
  dependencies:
    loose-envify "^1.1.0"

"web3@^1.8.0":
  version "1.10.0"
  resolved "https://registry.yarnpkg.com/web3/-/web3-1.10.0.tgz#f5c8dad20cc4003f56c869d9c22078c8ff56a7db"
  integrity sha512-AYCz9FN73ho4LQQQzk9T4GqiL8+98UiOGgGtj85yqPr2/bsoKdHV1jpvj2D4qyLIl/En1yXAyUlZVFVmtAXCGQ==
  dependencies:
    web3-core "1.10.0"
    web3-eth "1.10.0"
    web3-eth-personal "1.10.0"
    web3-net "1.10.0"
    web3-utils "1.10.0" 